
Microsoft Visual Studio Solution File, Format Version 12.00
# Visual Studio 15
Project("{FAE04EC0-301F-11D3-BF4B-00C04F79EFBC}") = "UnityEngine.TestRunner", "UnityEngine.TestRunner.csproj", "{23FBDEAF-0426-B358-0259-871A76B3FFCB}"
EndProject
Project("{FAE04EC0-301F-11D3-BF4B-00C04F79EFBC}") = "Unity.Mathematics", "Unity.Mathematics.csproj", "{2C9935A2-98D4-EFE4-7A8A-6F01EE809926}"
EndProject
Project("{FAE04EC0-301F-11D3-BF4B-00C04F79EFBC}") = "Unity.2D.Animation.Triangle.Runtime", "Unity.2D.Animation.Triangle.Runtime.csproj", "{C6B6F021-6CD4-90F5-689D-A93BAF8DC606}"
EndProject
Project("{FAE04EC0-301F-11D3-BF4B-00C04F79EFBC}") = "Unity.Timeline", "Unity.Timeline.csproj", "{50BDA671-DF21-98E1-165B-CD7098615C45}"
EndProject
Project("{FAE04EC0-301F-11D3-BF4B-00C04F79EFBC}") = "UnityEngine.UI", "UnityEngine.UI.csproj", "{DF68389F-3BBF-DD55-A5C7-38CC8698364D}"
EndProject
Project("{FAE04EC0-301F-11D3-BF4B-00C04F79EFBC}") = "Unity.TextMeshPro", "Unity.TextMeshPro.csproj", "{67B2C862-3AA0-D10C-6389-5F87893E1692}"
EndProject
Project("{FAE04EC0-301F-11D3-BF4B-00C04F79EFBC}") = "Unity.2D.Animation.Runtime", "Unity.2D.Animation.Runtime.csproj", "{A5050CD3-B613-357C-33F2-D5311FE5FA9E}"
EndProject
Project("{FAE04EC0-301F-11D3-BF4B-00C04F79EFBC}") = "Unity.2D.IK.Runtime", "Unity.2D.IK.Runtime.csproj", "{CE7D554F-7583-8CF4-9550-5FF3F3179F21}"
EndProject
Project("{FAE04EC0-301F-11D3-BF4B-00C04F79EFBC}") = "Unity.2D.SpriteShape.Runtime", "Unity.2D.SpriteShape.Runtime.csproj", "{32CABC42-A6D3-F79D-997B-B3D0D45B9BC9}"
EndProject
Project("{FAE04EC0-301F-11D3-BF4B-00C04F79EFBC}") = "Assembly-CSharp", "Assembly-CSharp.csproj", "{48286CD7-9058-0888-0776-E0E54434B11A}"
EndProject
Project("{FAE04EC0-301F-11D3-BF4B-00C04F79EFBC}") = "Unity.2D.PixelPerfect", "Unity.2D.PixelPerfect.csproj", "{0C430F92-1238-BD85-FA51-EF667961792A}"
EndProject
Project("{FAE04EC0-301F-11D3-BF4B-00C04F79EFBC}") = "Unity.2D.Common.Runtime", "Unity.2D.Common.Runtime.csproj", "{44B6800D-8484-4D4F-2491-5EEC6C1A2DCB}"
EndProject
Project("{FAE04EC0-301F-11D3-BF4B-00C04F79EFBC}") = "Unity.InternalAPIEngineBridge.001", "Unity.InternalAPIEngineBridge.001.csproj", "{AAF8A8BA-5A8B-99A5-C2C6-7BBE8E9277B8}"
EndProject
Project("{FAE04EC0-301F-11D3-BF4B-00C04F79EFBC}") = "UnityEditor.TestRunner", "UnityEditor.TestRunner.csproj", "{CC1632CF-745E-4C86-8B95-9A75F30D6316}"
EndProject
Project("{FAE04EC0-301F-11D3-BF4B-00C04F79EFBC}") = "Unity.PlasticSCM.Editor", "Unity.PlasticSCM.Editor.csproj", "{08C9E879-A262-1F38-8269-BD4272F69CE9}"
EndProject
Project("{FAE04EC0-301F-11D3-BF4B-00C04F79EFBC}") = "UnityEditor.UI", "UnityEditor.UI.csproj", "{C9794758-FBF5-F3B3-0EB9-7B3E1810D2B9}"
EndProject
Project("{FAE04EC0-301F-11D3-BF4B-00C04F79EFBC}") = "Unity.Timeline.Editor", "Unity.Timeline.Editor.csproj", "{538AE451-51B6-E2CB-FDF7-E1CEC6994DB9}"
EndProject
Project("{FAE04EC0-301F-11D3-BF4B-00C04F79EFBC}") = "Unity.VisualStudio.Editor", "Unity.VisualStudio.Editor.csproj", "{99EE120E-7C3E-BA73-28E8-A166E7DE5044}"
EndProject
Project("{FAE04EC0-301F-11D3-BF4B-00C04F79EFBC}") = "Unity.2D.Psdimporter.Editor", "Unity.2D.Psdimporter.Editor.csproj", "{7A6FCF16-0D73-4C07-D5DB-389561106787}"
EndProject
Project("{FAE04EC0-301F-11D3-BF4B-00C04F79EFBC}") = "Unity.2D.Animation.Editor", "Unity.2D.Animation.Editor.csproj", "{4A4FF0EA-1238-4EB3-11EA-D496712D6B2A}"
EndProject
Project("{FAE04EC0-301F-11D3-BF4B-00C04F79EFBC}") = "Unity.TextMeshPro.Editor", "Unity.TextMeshPro.Editor.csproj", "{06CD8932-AE10-A97C-B3D9-4BBEAEE58990}"
EndProject
Project("{FAE04EC0-301F-11D3-BF4B-00C04F79EFBC}") = "Unity.2D.SpriteShape.Editor", "Unity.2D.SpriteShape.Editor.csproj", "{097D2B4E-357B-0A78-2206-BACA638AEC90}"
EndProject
Project("{FAE04EC0-301F-11D3-BF4B-00C04F79EFBC}") = "Unity.CollabProxy.Editor", "Unity.CollabProxy.Editor.csproj", "{2B4EC682-A918-12CF-2D07-96BC8D13334D}"
EndProject
Project("{FAE04EC0-301F-11D3-BF4B-00C04F79EFBC}") = "PsdPlugin", "PsdPlugin.csproj", "{CA1164A5-2688-0C93-AF20-08DC74DA9F44}"
EndProject
Project("{FAE04EC0-301F-11D3-BF4B-00C04F79EFBC}") = "Unity.2D.Path.Editor", "Unity.2D.Path.Editor.csproj", "{E19E3420-49C5-B9A6-1795-DF7F32A50CEB}"
EndProject
Project("{FAE04EC0-301F-11D3-BF4B-00C04F79EFBC}") = "Unity.Rider.Editor", "Unity.Rider.Editor.csproj", "{B1DF9E7D-E015-8FA2-D7E2-47599F2F4444}"
EndProject
Project("{FAE04EC0-301F-11D3-BF4B-00C04F79EFBC}") = "Unity.2D.IK.Editor", "Unity.2D.IK.Editor.csproj", "{B1D125B1-6C54-ABF7-35D2-055C085DA4E0}"
EndProject
Project("{FAE04EC0-301F-11D3-BF4B-00C04F79EFBC}") = "Unity.2D.Sprite.Editor", "Unity.2D.Sprite.Editor.csproj", "{ABAB10E2-C348-83B0-920F-17E9E0E2596D}"
EndProject
Project("{FAE04EC0-301F-11D3-BF4B-00C04F79EFBC}") = "Unity.2D.Tilemap.Editor", "Unity.2D.Tilemap.Editor.csproj", "{23991B30-D99B-3643-34DA-E0DECC63F807}"
EndProject
Project("{FAE04EC0-301F-11D3-BF4B-00C04F79EFBC}") = "Unity.2D.PixelPerfect.Editor", "Unity.2D.PixelPerfect.Editor.csproj", "{E55E1401-5508-FB43-CC72-DE7698A45BE6}"
EndProject
Project("{FAE04EC0-301F-11D3-BF4B-00C04F79EFBC}") = "Unity.VSCode.Editor", "Unity.VSCode.Editor.csproj", "{B87B48B2-3D30-040F-D489-59CC53A60F1E}"
EndProject
Project("{FAE04EC0-301F-11D3-BF4B-00C04F79EFBC}") = "Unity.2D.Common.Editor", "Unity.2D.Common.Editor.csproj", "{6B82B6AE-2F12-0CCB-8A21-D2F4FA00A6CB}"
EndProject
Project("{FAE04EC0-301F-11D3-BF4B-00C04F79EFBC}") = "Unity.Mathematics.Editor", "Unity.Mathematics.Editor.csproj", "{2B2653E1-7B40-0A77-03F4-80CDF9370461}"
EndProject
Project("{FAE04EC0-301F-11D3-BF4B-00C04F79EFBC}") = "Unity.InternalAPIEditorBridge.001", "Unity.InternalAPIEditorBridge.001.csproj", "{29B443DF-7A69-C41D-773C-23F181C70880}"
EndProject
Project("{FAE04EC0-301F-11D3-BF4B-00C04F79EFBC}") = "UnityEngine.TestRunner", "UnityEngine.TestRunner.Player.csproj", "{74DEF482-E487-2A44-F7F5-E531552A1952}"
EndProject
Project("{FAE04EC0-301F-11D3-BF4B-00C04F79EFBC}") = "Unity.Mathematics", "Unity.Mathematics.Player.csproj", "{B27DF5B8-0A4F-4C21-14E6-A2E2145F3AE8}"
EndProject
Project("{FAE04EC0-301F-11D3-BF4B-00C04F79EFBC}") = "Unity.2D.Animation.Triangle.Runtime", "Unity.2D.Animation.Triangle.Runtime.Player.csproj", "{D3274B86-1995-E2CA-FD54-60BD1552F9F9}"
EndProject
Project("{FAE04EC0-301F-11D3-BF4B-00C04F79EFBC}") = "Unity.Timeline", "Unity.Timeline.Player.csproj", "{9244BAE3-019F-D80A-8EC9-1627A115F017}"
EndProject
Project("{FAE04EC0-301F-11D3-BF4B-00C04F79EFBC}") = "UnityEngine.UI", "UnityEngine.UI.Player.csproj", "{222F9891-5B8A-C506-CA95-EC707EAA83B1}"
EndProject
Project("{FAE04EC0-301F-11D3-BF4B-00C04F79EFBC}") = "Unity.TextMeshPro", "Unity.TextMeshPro.Player.csproj", "{B1BF162A-281C-6297-6269-2FD171FA2045}"
EndProject
Project("{FAE04EC0-301F-11D3-BF4B-00C04F79EFBC}") = "Unity.2D.Animation.Runtime", "Unity.2D.Animation.Runtime.Player.csproj", "{2C6B0DC1-7B70-64B5-8C33-FF39C457B87F}"
EndProject
Project("{FAE04EC0-301F-11D3-BF4B-00C04F79EFBC}") = "Unity.2D.IK.Runtime", "Unity.2D.IK.Runtime.Player.csproj", "{CC9E3A68-D27E-2CA1-645B-961895EDD1AD}"
EndProject
Project("{FAE04EC0-301F-11D3-BF4B-00C04F79EFBC}") = "Unity.2D.SpriteShape.Runtime", "Unity.2D.SpriteShape.Runtime.Player.csproj", "{97F3FDFA-37E4-8502-9A41-72C8A1E9D1B1}"
EndProject
Project("{FAE04EC0-301F-11D3-BF4B-00C04F79EFBC}") = "Assembly-CSharp", "Assembly-CSharp.Player.csproj", "{64EAB68B-7221-2FD0-F279-C5C98BE00285}"
EndProject
Project("{FAE04EC0-301F-11D3-BF4B-00C04F79EFBC}") = "Unity.2D.PixelPerfect", "Unity.2D.PixelPerfect.Player.csproj", "{B5368B48-D9BB-3D4E-B9C7-A9DF7D32588C}"
EndProject
Project("{FAE04EC0-301F-11D3-BF4B-00C04F79EFBC}") = "Unity.2D.Common.Runtime", "Unity.2D.Common.Runtime.Player.csproj", "{06EA09DC-38BB-E75C-1AEC-D87E139A339F}"
EndProject
Project("{FAE04EC0-301F-11D3-BF4B-00C04F79EFBC}") = "Unity.InternalAPIEngineBridge.001", "Unity.InternalAPIEngineBridge.001.Player.csproj", "{6579F5B7-BD16-67F1-E2EB-FF32459AEA63}"
EndProject
Global
	GlobalSection(SolutionConfigurationPlatforms) = preSolution
		Debug|Any CPU = Debug|Any CPU
		Release|Any CPU = Release|Any CPU
	EndGlobalSection
	GlobalSection(ProjectConfigurationPlatforms) = postSolution
		{23FBDEAF-0426-B358-0259-871A76B3FFCB}.Debug|Any CPU.ActiveCfg = Debug|Any CPU
		{23FBDEAF-0426-B358-0259-871A76B3FFCB}.Debug|Any CPU.Build.0 = Debug|Any CPU
		{23FBDEAF-0426-B358-0259-871A76B3FFCB}.Release|Any CPU.ActiveCfg = Release|Any CPU
		{23FBDEAF-0426-B358-0259-871A76B3FFCB}.Release|Any CPU.Build.0 = Release|Any CPU
		{2C9935A2-98D4-EFE4-7A8A-6F01EE809926}.Debug|Any CPU.ActiveCfg = Debug|Any CPU
		{2C9935A2-98D4-EFE4-7A8A-6F01EE809926}.Debug|Any CPU.Build.0 = Debug|Any CPU
		{2C9935A2-98D4-EFE4-7A8A-6F01EE809926}.Release|Any CPU.ActiveCfg = Release|Any CPU
		{2C9935A2-98D4-EFE4-7A8A-6F01EE809926}.Release|Any CPU.Build.0 = Release|Any CPU
		{C6B6F021-6CD4-90F5-689D-A93BAF8DC606}.Debug|Any CPU.ActiveCfg = Debug|Any CPU
		{C6B6F021-6CD4-90F5-689D-A93BAF8DC606}.Debug|Any CPU.Build.0 = Debug|Any CPU
		{C6B6F021-6CD4-90F5-689D-A93BAF8DC606}.Release|Any CPU.ActiveCfg = Release|Any CPU
		{C6B6F021-6CD4-90F5-689D-A93BAF8DC606}.Release|Any CPU.Build.0 = Release|Any CPU
		{50BDA671-DF21-98E1-165B-CD7098615C45}.Debug|Any CPU.ActiveCfg = Debug|Any CPU
		{50BDA671-DF21-98E1-165B-CD7098615C45}.Debug|Any CPU.Build.0 = Debug|Any CPU
		{50BDA671-DF21-98E1-165B-CD7098615C45}.Release|Any CPU.ActiveCfg = Release|Any CPU
		{50BDA671-DF21-98E1-165B-CD7098615C45}.Release|Any CPU.Build.0 = Release|Any CPU
		{DF68389F-3BBF-DD55-A5C7-38CC8698364D}.Debug|Any CPU.ActiveCfg = Debug|Any CPU
		{DF68389F-3BBF-DD55-A5C7-38CC8698364D}.Debug|Any CPU.Build.0 = Debug|Any CPU
		{DF68389F-3BBF-DD55-A5C7-38CC8698364D}.Release|Any CPU.ActiveCfg = Release|Any CPU
		{DF68389F-3BBF-DD55-A5C7-38CC8698364D}.Release|Any CPU.Build.0 = Release|Any CPU
		{67B2C862-3AA0-D10C-6389-5F87893E1692}.Debug|Any CPU.ActiveCfg = Debug|Any CPU
		{67B2C862-3AA0-D10C-6389-5F87893E1692}.Debug|Any CPU.Build.0 = Debug|Any CPU
		{67B2C862-3AA0-D10C-6389-5F87893E1692}.Release|Any CPU.ActiveCfg = Release|Any CPU
		{67B2C862-3AA0-D10C-6389-5F87893E1692}.Release|Any CPU.Build.0 = Release|Any CPU
		{A5050CD3-B613-357C-33F2-D5311FE5FA9E}.Debug|Any CPU.ActiveCfg = Debug|Any CPU
		{A5050CD3-B613-357C-33F2-D5311FE5FA9E}.Debug|Any CPU.Build.0 = Debug|Any CPU
		{A5050CD3-B613-357C-33F2-D5311FE5FA9E}.Release|Any CPU.ActiveCfg = Release|Any CPU
		{A5050CD3-B613-357C-33F2-D5311FE5FA9E}.Release|Any CPU.Build.0 = Release|Any CPU
		{CE7D554F-7583-8CF4-9550-5FF3F3179F21}.Debug|Any CPU.ActiveCfg = Debug|Any CPU
		{CE7D554F-7583-8CF4-9550-5FF3F3179F21}.Debug|Any CPU.Build.0 = Debug|Any CPU
		{CE7D554F-7583-8CF4-9550-5FF3F3179F21}.Release|Any CPU.ActiveCfg = Release|Any CPU
		{CE7D554F-7583-8CF4-9550-5FF3F3179F21}.Release|Any CPU.Build.0 = Release|Any CPU
		{32CABC42-A6D3-F79D-997B-B3D0D45B9BC9}.Debug|Any CPU.ActiveCfg = Debug|Any CPU
		{32CABC42-A6D3-F79D-997B-B3D0D45B9BC9}.Debug|Any CPU.Build.0 = Debug|Any CPU
		{32CABC42-A6D3-F79D-997B-B3D0D45B9BC9}.Release|Any CPU.ActiveCfg = Release|Any CPU
		{32CABC42-A6D3-F79D-997B-B3D0D45B9BC9}.Release|Any CPU.Build.0 = Release|Any CPU
		{48286CD7-9058-0888-0776-E0E54434B11A}.Debug|Any CPU.ActiveCfg = Debug|Any CPU
		{48286CD7-9058-0888-0776-E0E54434B11A}.Debug|Any CPU.Build.0 = Debug|Any CPU
		{48286CD7-9058-0888-0776-E0E54434B11A}.Release|Any CPU.ActiveCfg = Release|Any CPU
		{48286CD7-9058-0888-0776-E0E54434B11A}.Release|Any CPU.Build.0 = Release|Any CPU
		{0C430F92-1238-BD85-FA51-EF667961792A}.Debug|Any CPU.ActiveCfg = Debug|Any CPU
		{0C430F92-1238-BD85-FA51-EF667961792A}.Debug|Any CPU.Build.0 = Debug|Any CPU
		{0C430F92-1238-BD85-FA51-EF667961792A}.Release|Any CPU.ActiveCfg = Release|Any CPU
		{0C430F92-1238-BD85-FA51-EF667961792A}.Release|Any CPU.Build.0 = Release|Any CPU
		{44B6800D-8484-4D4F-2491-5EEC6C1A2DCB}.Debug|Any CPU.ActiveCfg = Debug|Any CPU
		{44B6800D-8484-4D4F-2491-5EEC6C1A2DCB}.Debug|Any CPU.Build.0 = Debug|Any CPU
		{44B6800D-8484-4D4F-2491-5EEC6C1A2DCB}.Release|Any CPU.ActiveCfg = Release|Any CPU
		{44B6800D-8484-4D4F-2491-5EEC6C1A2DCB}.Release|Any CPU.Build.0 = Release|Any CPU
		{AAF8A8BA-5A8B-99A5-C2C6-7BBE8E9277B8}.Debug|Any CPU.ActiveCfg = Debug|Any CPU
		{AAF8A8BA-5A8B-99A5-C2C6-7BBE8E9277B8}.Debug|Any CPU.Build.0 = Debug|Any CPU
		{AAF8A8BA-5A8B-99A5-C2C6-7BBE8E9277B8}.Release|Any CPU.ActiveCfg = Release|Any CPU
		{AAF8A8BA-5A8B-99A5-C2C6-7BBE8E9277B8}.Release|Any CPU.Build.0 = Release|Any CPU
		{CC1632CF-745E-4C86-8B95-9A75F30D6316}.Debug|Any CPU.ActiveCfg = Debug|Any CPU
		{CC1632CF-745E-4C86-8B95-9A75F30D6316}.Debug|Any CPU.Build.0 = Debug|Any CPU
		{CC1632CF-745E-4C86-8B95-9A75F30D6316}.Release|Any CPU.ActiveCfg = Release|Any CPU
		{CC1632CF-745E-4C86-8B95-9A75F30D6316}.Release|Any CPU.Build.0 = Release|Any CPU
		{08C9E879-A262-1F38-8269-BD4272F69CE9}.Debug|Any CPU.ActiveCfg = Debug|Any CPU
		{08C9E879-A262-1F38-8269-BD4272F69CE9}.Debug|Any CPU.Build.0 = Debug|Any CPU
		{08C9E879-A262-1F38-8269-BD4272F69CE9}.Release|Any CPU.ActiveCfg = Release|Any CPU
		{08C9E879-A262-1F38-8269-BD4272F69CE9}.Release|Any CPU.Build.0 = Release|Any CPU
		{C9794758-FBF5-F3B3-0EB9-7B3E1810D2B9}.Debug|Any CPU.ActiveCfg = Debug|Any CPU
		{C9794758-FBF5-F3B3-0EB9-7B3E1810D2B9}.Debug|Any CPU.Build.0 = Debug|Any CPU
		{C9794758-FBF5-F3B3-0EB9-7B3E1810D2B9}.Release|Any CPU.ActiveCfg = Release|Any CPU
		{C9794758-FBF5-F3B3-0EB9-7B3E1810D2B9}.Release|Any CPU.Build.0 = Release|Any CPU
		{538AE451-51B6-E2CB-FDF7-E1CEC6994DB9}.Debug|Any CPU.ActiveCfg = Debug|Any CPU
		{538AE451-51B6-E2CB-FDF7-E1CEC6994DB9}.Debug|Any CPU.Build.0 = Debug|Any CPU
		{538AE451-51B6-E2CB-FDF7-E1CEC6994DB9}.Release|Any CPU.ActiveCfg = Release|Any CPU
		{538AE451-51B6-E2CB-FDF7-E1CEC6994DB9}.Release|Any CPU.Build.0 = Release|Any CPU
		{99EE120E-7C3E-BA73-28E8-A166E7DE5044}.Debug|Any CPU.ActiveCfg = Debug|Any CPU
		{99EE120E-7C3E-BA73-28E8-A166E7DE5044}.Debug|Any CPU.Build.0 = Debug|Any CPU
		{99EE120E-7C3E-BA73-28E8-A166E7DE5044}.Release|Any CPU.ActiveCfg = Release|Any CPU
		{99EE120E-7C3E-BA73-28E8-A166E7DE5044}.Release|Any CPU.Build.0 = Release|Any CPU
		{7A6FCF16-0D73-4C07-D5DB-389561106787}.Debug|Any CPU.ActiveCfg = Debug|Any CPU
		{7A6FCF16-0D73-4C07-D5DB-389561106787}.Debug|Any CPU.Build.0 = Debug|Any CPU
		{7A6FCF16-0D73-4C07-D5DB-389561106787}.Release|Any CPU.ActiveCfg = Release|Any CPU
		{7A6FCF16-0D73-4C07-D5DB-389561106787}.Release|Any CPU.Build.0 = Release|Any CPU
		{4A4FF0EA-1238-4EB3-11EA-D496712D6B2A}.Debug|Any CPU.ActiveCfg = Debug|Any CPU
		{4A4FF0EA-1238-4EB3-11EA-D496712D6B2A}.Debug|Any CPU.Build.0 = Debug|Any CPU
		{4A4FF0EA-1238-4EB3-11EA-D496712D6B2A}.Release|Any CPU.ActiveCfg = Release|Any CPU
		{4A4FF0EA-1238-4EB3-11EA-D496712D6B2A}.Release|Any CPU.Build.0 = Release|Any CPU
		{06CD8932-AE10-A97C-B3D9-4BBEAEE58990}.Debug|Any CPU.ActiveCfg = Debug|Any CPU
		{06CD8932-AE10-A97C-B3D9-4BBEAEE58990}.Debug|Any CPU.Build.0 = Debug|Any CPU
		{06CD8932-AE10-A97C-B3D9-4BBEAEE58990}.Release|Any CPU.ActiveCfg = Release|Any CPU
		{06CD8932-AE10-A97C-B3D9-4BBEAEE58990}.Release|Any CPU.Build.0 = Release|Any CPU
		{097D2B4E-357B-0A78-2206-BACA638AEC90}.Debug|Any CPU.ActiveCfg = Debug|Any CPU
		{097D2B4E-357B-0A78-2206-BACA638AEC90}.Debug|Any CPU.Build.0 = Debug|Any CPU
		{097D2B4E-357B-0A78-2206-BACA638AEC90}.Release|Any CPU.ActiveCfg = Release|Any CPU
		{097D2B4E-357B-0A78-2206-BACA638AEC90}.Release|Any CPU.Build.0 = Release|Any CPU
		{2B4EC682-A918-12CF-2D07-96BC8D13334D}.Debug|Any CPU.ActiveCfg = Debug|Any CPU
		{2B4EC682-A918-12CF-2D07-96BC8D13334D}.Debug|Any CPU.Build.0 = Debug|Any CPU
		{2B4EC682-A918-12CF-2D07-96BC8D13334D}.Release|Any CPU.ActiveCfg = Release|Any CPU
		{2B4EC682-A918-12CF-2D07-96BC8D13334D}.Release|Any CPU.Build.0 = Release|Any CPU
		{CA1164A5-2688-0C93-AF20-08DC74DA9F44}.Debug|Any CPU.ActiveCfg = Debug|Any CPU
		{CA1164A5-2688-0C93-AF20-08DC74DA9F44}.Debug|Any CPU.Build.0 = Debug|Any CPU
		{CA1164A5-2688-0C93-AF20-08DC74DA9F44}.Release|Any CPU.ActiveCfg = Release|Any CPU
		{CA1164A5-2688-0C93-AF20-08DC74DA9F44}.Release|Any CPU.Build.0 = Release|Any CPU
		{E19E3420-49C5-B9A6-1795-DF7F32A50CEB}.Debug|Any CPU.ActiveCfg = Debug|Any CPU
		{E19E3420-49C5-B9A6-1795-DF7F32A50CEB}.Debug|Any CPU.Build.0 = Debug|Any CPU
		{E19E3420-49C5-B9A6-1795-DF7F32A50CEB}.Release|Any CPU.ActiveCfg = Release|Any CPU
		{E19E3420-49C5-B9A6-1795-DF7F32A50CEB}.Release|Any CPU.Build.0 = Release|Any CPU
		{B1DF9E7D-E015-8FA2-D7E2-47599F2F4444}.Debug|Any CPU.ActiveCfg = Debug|Any CPU
		{B1DF9E7D-E015-8FA2-D7E2-47599F2F4444}.Debug|Any CPU.Build.0 = Debug|Any CPU
		{B1DF9E7D-E015-8FA2-D7E2-47599F2F4444}.Release|Any CPU.ActiveCfg = Release|Any CPU
		{B1DF9E7D-E015-8FA2-D7E2-47599F2F4444}.Release|Any CPU.Build.0 = Release|Any CPU
		{B1D125B1-6C54-ABF7-35D2-055C085DA4E0}.Debug|Any CPU.ActiveCfg = Debug|Any CPU
		{B1D125B1-6C54-ABF7-35D2-055C085DA4E0}.Debug|Any CPU.Build.0 = Debug|Any CPU
		{B1D125B1-6C54-ABF7-35D2-055C085DA4E0}.Release|Any CPU.ActiveCfg = Release|Any CPU
		{B1D125B1-6C54-ABF7-35D2-055C085DA4E0}.Release|Any CPU.Build.0 = Release|Any CPU
		{ABAB10E2-C348-83B0-920F-17E9E0E2596D}.Debug|Any CPU.ActiveCfg = Debug|Any CPU
		{ABAB10E2-C348-83B0-920F-17E9E0E2596D}.Debug|Any CPU.Build.0 = Debug|Any CPU
		{ABAB10E2-C348-83B0-920F-17E9E0E2596D}.Release|Any CPU.ActiveCfg = Release|Any CPU
		{ABAB10E2-C348-83B0-920F-17E9E0E2596D}.Release|Any CPU.Build.0 = Release|Any CPU
		{23991B30-D99B-3643-34DA-E0DECC63F807}.Debug|Any CPU.ActiveCfg = Debug|Any CPU
		{23991B30-D99B-3643-34DA-E0DECC63F807}.Debug|Any CPU.Build.0 = Debug|Any CPU
		{23991B30-D99B-3643-34DA-E0DECC63F807}.Release|Any CPU.ActiveCfg = Release|Any CPU
		{23991B30-D99B-3643-34DA-E0DECC63F807}.Release|Any CPU.Build.0 = Release|Any CPU
		{E55E1401-5508-FB43-CC72-DE7698A45BE6}.Debug|Any CPU.ActiveCfg = Debug|Any CPU
		{E55E1401-5508-FB43-CC72-DE7698A45BE6}.Debug|Any CPU.Build.0 = Debug|Any CPU
		{E55E1401-5508-FB43-CC72-DE7698A45BE6}.Release|Any CPU.ActiveCfg = Release|Any CPU
		{E55E1401-5508-FB43-CC72-DE7698A45BE6}.Release|Any CPU.Build.0 = Release|Any CPU
		{B87B48B2-3D30-040F-D489-59CC53A60F1E}.Debug|Any CPU.ActiveCfg = Debug|Any CPU
		{B87B48B2-3D30-040F-D489-59CC53A60F1E}.Debug|Any CPU.Build.0 = Debug|Any CPU
		{B87B48B2-3D30-040F-D489-59CC53A60F1E}.Release|Any CPU.ActiveCfg = Release|Any CPU
		{B87B48B2-3D30-040F-D489-59CC53A60F1E}.Release|Any CPU.Build.0 = Release|Any CPU
		{6B82B6AE-2F12-0CCB-8A21-D2F4FA00A6CB}.Debug|Any CPU.ActiveCfg = Debug|Any CPU
		{6B82B6AE-2F12-0CCB-8A21-D2F4FA00A6CB}.Debug|Any CPU.Build.0 = Debug|Any CPU
		{6B82B6AE-2F12-0CCB-8A21-D2F4FA00A6CB}.Release|Any CPU.ActiveCfg = Release|Any CPU
		{6B82B6AE-2F12-0CCB-8A21-D2F4FA00A6CB}.Release|Any CPU.Build.0 = Release|Any CPU
		{2B2653E1-7B40-0A77-03F4-80CDF9370461}.Debug|Any CPU.ActiveCfg = Debug|Any CPU
		{2B2653E1-7B40-0A77-03F4-80CDF9370461}.Debug|Any CPU.Build.0 = Debug|Any CPU
		{2B2653E1-7B40-0A77-03F4-80CDF9370461}.Release|Any CPU.ActiveCfg = Release|Any CPU
		{2B2653E1-7B40-0A77-03F4-80CDF9370461}.Release|Any CPU.Build.0 = Release|Any CPU
		{29B443DF-7A69-C41D-773C-23F181C70880}.Debug|Any CPU.ActiveCfg = Debug|Any CPU
		{29B443DF-7A69-C41D-773C-23F181C70880}.Debug|Any CPU.Build.0 = Debug|Any CPU
		{29B443DF-7A69-C41D-773C-23F181C70880}.Release|Any CPU.ActiveCfg = Release|Any CPU
		{29B443DF-7A69-C41D-773C-23F181C70880}.Release|Any CPU.Build.0 = Release|Any CPU
		{74DEF482-E487-2A44-F7F5-E531552A1952}.Debug|Any CPU.ActiveCfg = Debug|Any CPU
		{74DEF482-E487-2A44-F7F5-E531552A1952}.Debug|Any CPU.Build.0 = Debug|Any CPU
		{74DEF482-E487-2A44-F7F5-E531552A1952}.Release|Any CPU.ActiveCfg = Release|Any CPU
		{74DEF482-E487-2A44-F7F5-E531552A1952}.Release|Any CPU.Build.0 = Release|Any CPU
		{B27DF5B8-0A4F-4C21-14E6-A2E2145F3AE8}.Debug|Any CPU.ActiveCfg = Debug|Any CPU
		{B27DF5B8-0A4F-4C21-14E6-A2E2145F3AE8}.Debug|Any CPU.Build.0 = Debug|Any CPU
		{B27DF5B8-0A4F-4C21-14E6-A2E2145F3AE8}.Release|Any CPU.ActiveCfg = Release|Any CPU
		{B27DF5B8-0A4F-4C21-14E6-A2E2145F3AE8}.Release|Any CPU.Build.0 = Release|Any CPU
		{D3274B86-1995-E2CA-FD54-60BD1552F9F9}.Debug|Any CPU.ActiveCfg = Debug|Any CPU
		{D3274B86-1995-E2CA-FD54-60BD1552F9F9}.Debug|Any CPU.Build.0 = Debug|Any CPU
		{D3274B86-1995-E2CA-FD54-60BD1552F9F9}.Release|Any CPU.ActiveCfg = Release|Any CPU
		{D3274B86-1995-E2CA-FD54-60BD1552F9F9}.Release|Any CPU.Build.0 = Release|Any CPU
		{9244BAE3-019F-D80A-8EC9-1627A115F017}.Debug|Any CPU.ActiveCfg = Debug|Any CPU
		{9244BAE3-019F-D80A-8EC9-1627A115F017}.Debug|Any CPU.Build.0 = Debug|Any CPU
		{9244BAE3-019F-D80A-8EC9-1627A115F017}.Release|Any CPU.ActiveCfg = Release|Any CPU
		{9244BAE3-019F-D80A-8EC9-1627A115F017}.Release|Any CPU.Build.0 = Release|Any CPU
		{222F9891-5B8A-C506-CA95-EC707EAA83B1}.Debug|Any CPU.ActiveCfg = Debug|Any CPU
		{222F9891-5B8A-C506-CA95-EC707EAA83B1}.Debug|Any CPU.Build.0 = Debug|Any CPU
		{222F9891-5B8A-C506-CA95-EC707EAA83B1}.Release|Any CPU.ActiveCfg = Release|Any CPU
		{222F9891-5B8A-C506-CA95-EC707EAA83B1}.Release|Any CPU.Build.0 = Release|Any CPU
		{B1BF162A-281C-6297-6269-2FD171FA2045}.Debug|Any CPU.ActiveCfg = Debug|Any CPU
		{B1BF162A-281C-6297-6269-2FD171FA2045}.Debug|Any CPU.Build.0 = Debug|Any CPU
		{B1BF162A-281C-6297-6269-2FD171FA2045}.Release|Any CPU.ActiveCfg = Release|Any CPU
		{B1BF162A-281C-6297-6269-2FD171FA2045}.Release|Any CPU.Build.0 = Release|Any CPU
		{2C6B0DC1-7B70-64B5-8C33-FF39C457B87F}.Debug|Any CPU.ActiveCfg = Debug|Any CPU
		{2C6B0DC1-7B70-64B5-8C33-FF39C457B87F}.Debug|Any CPU.Build.0 = Debug|Any CPU
		{2C6B0DC1-7B70-64B5-8C33-FF39C457B87F}.Release|Any CPU.ActiveCfg = Release|Any CPU
		{2C6B0DC1-7B70-64B5-8C33-FF39C457B87F}.Release|Any CPU.Build.0 = Release|Any CPU
		{CC9E3A68-D27E-2CA1-645B-961895EDD1AD}.Debug|Any CPU.ActiveCfg = Debug|Any CPU
		{CC9E3A68-D27E-2CA1-645B-961895EDD1AD}.Debug|Any CPU.Build.0 = Debug|Any CPU
		{CC9E3A68-D27E-2CA1-645B-961895EDD1AD}.Release|Any CPU.ActiveCfg = Release|Any CPU
		{CC9E3A68-D27E-2CA1-645B-961895EDD1AD}.Release|Any CPU.Build.0 = Release|Any CPU
		{97F3FDFA-37E4-8502-9A41-72C8A1E9D1B1}.Debug|Any CPU.ActiveCfg = Debug|Any CPU
		{97F3FDFA-37E4-8502-9A41-72C8A1E9D1B1}.Debug|Any CPU.Build.0 = Debug|Any CPU
		{97F3FDFA-37E4-8502-9A41-72C8A1E9D1B1}.Release|Any CPU.ActiveCfg = Release|Any CPU
		{97F3FDFA-37E4-8502-9A41-72C8A1E9D1B1}.Release|Any CPU.Build.0 = Release|Any CPU
		{64EAB68B-7221-2FD0-F279-C5C98BE00285}.Debug|Any CPU.ActiveCfg = Debug|Any CPU
		{64EAB68B-7221-2FD0-F279-C5C98BE00285}.Debug|Any CPU.Build.0 = Debug|Any CPU
		{64EAB68B-7221-2FD0-F279-C5C98BE00285}.Release|Any CPU.ActiveCfg = Release|Any CPU
		{64EAB68B-7221-2FD0-F279-C5C98BE00285}.Release|Any CPU.Build.0 = Release|Any CPU
		{B5368B48-D9BB-3D4E-B9C7-A9DF7D32588C}.Debug|Any CPU.ActiveCfg = Debug|Any CPU
		{B5368B48-D9BB-3D4E-B9C7-A9DF7D32588C}.Debug|Any CPU.Build.0 = Debug|Any CPU
		{B5368B48-D9BB-3D4E-B9C7-A9DF7D32588C}.Release|Any CPU.ActiveCfg = Release|Any CPU
		{B5368B48-D9BB-3D4E-B9C7-A9DF7D32588C}.Release|Any CPU.Build.0 = Release|Any CPU
		{06EA09DC-38BB-E75C-1AEC-D87E139A339F}.Debug|Any CPU.ActiveCfg = Debug|Any CPU
		{06EA09DC-38BB-E75C-1AEC-D87E139A339F}.Debug|Any CPU.Build.0 = Debug|Any CPU
		{06EA09DC-38BB-E75C-1AEC-D87E139A339F}.Release|Any CPU.ActiveCfg = Release|Any CPU
		{06EA09DC-38BB-E75C-1AEC-D87E139A339F}.Release|Any CPU.Build.0 = Release|Any CPU
		{6579F5B7-BD16-67F1-E2EB-FF32459AEA63}.Debug|Any CPU.ActiveCfg = Debug|Any CPU
		{6579F5B7-BD16-67F1-E2EB-FF32459AEA63}.Debug|Any CPU.Build.0 = Debug|Any CPU
		{6579F5B7-BD16-67F1-E2EB-FF32459AEA63}.Release|Any CPU.ActiveCfg = Release|Any CPU
		{6579F5B7-BD16-67F1-E2EB-FF32459AEA63}.Release|Any CPU.Build.0 = Release|Any CPU
	EndGlobalSection
	GlobalSection(SolutionProperties) = preSolution
		HideSolutionNode = FALSE
	EndGlobalSection
EndGlobal
